
Microsoft Visual Studio Solution File, Format Version 12.00
# Visual Studio Version 17
VisualStudioVersion = 17.8.34408.163
MinimumVisualStudioVersion = 10.0.40219.1
Project("{FAE04EC0-301F-11D3-BF4B-00C04F79EFBC}") = "ConsoleApp", "ConsoleApp\ConsoleApp.csproj", "{8CD6B1BC-3B97-4C25-885B-93388900FB53}"
EndProject
Global
	GlobalSection(SolutionConfigurationPlatforms) = preSolution
		Debug|Any CPU = Debug|Any CPU
		Release|Any CPU = Release|Any CPU
	EndGlobalSection
	GlobalSection(ProjectConfigurationPlatforms) = postSolution
		{8CD6B1BC-3B97-4C25-885B-93388900FB53}.Debug|Any CPU.ActiveCfg = Debug|Any CPU
		{8CD6B1BC-3B97-4C25-885B-93388900FB53}.Debug|Any CPU.Build.0 = Debug|Any CPU
		{8CD6B1BC-3B97-4C25-885B-93388900FB53}.Release|Any CPU.ActiveCfg = Release|Any CPU
		{8CD6B1BC-3B97-4C25-885B-93388900FB53}.Release|Any CPU.Build.0 = Release|Any CPU
	EndGlobalSection
	GlobalSection(SolutionProperties) = preSolution
		HideSolutionNode = FALSE
	EndGlobalSection
	GlobalSection(ExtensibilityGlobals) = postSolution
		SolutionGuid = {C8BBFA0E-69EA-4423-8260-C1741B920F32}
	EndGlobalSection
EndGlobal
