
Microsoft Visual Studio Solution File, Format Version 12.00
# Visual Studio Version 17
VisualStudioVersion = 17.8.34330.188
MinimumVisualStudioVersion = 10.0.40219.1
Project("{9A19103F-16F7-4668-BE54-9A1E7A4F7556}") = "ConsoleApp1", "ConsoleApp1\ConsoleApp1.csproj", "{5213FB39-395B-461E-8BC9-481475413203}"
EndProject
Project("{FAE04EC0-301F-11D3-BF4B-00C04F79EFBC}") = "ConsoleApp2", "ConsoleApp2\ConsoleApp2.csproj", "{486A42F0-771F-42B1-9228-F566CB7CACEF}"
EndProject
Global
	GlobalSection(SolutionConfigurationPlatforms) = preSolution
		Debug|Any CPU = Debug|Any CPU
		Release|Any CPU = Release|Any CPU
	EndGlobalSection
	GlobalSection(ProjectConfigurationPlatforms) = postSolution
		{5213FB39-395B-461E-8BC9-481475413203}.Debug|Any CPU.ActiveCfg = Debug|Any CPU
		{5213FB39-395B-461E-8BC9-481475413203}.Debug|Any CPU.Build.0 = Debug|Any CPU
		{5213FB39-395B-461E-8BC9-481475413203}.Release|Any CPU.ActiveCfg = Release|Any CPU
		{5213FB39-395B-461E-8BC9-481475413203}.Release|Any CPU.Build.0 = Release|Any CPU
		{486A42F0-771F-42B1-9228-F566CB7CACEF}.Debug|Any CPU.ActiveCfg = Debug|Any CPU
		{486A42F0-771F-42B1-9228-F566CB7CACEF}.Debug|Any CPU.Build.0 = Debug|Any CPU
		{486A42F0-771F-42B1-9228-F566CB7CACEF}.Release|Any CPU.ActiveCfg = Release|Any CPU
		{486A42F0-771F-42B1-9228-F566CB7CACEF}.Release|Any CPU.Build.0 = Release|Any CPU
	EndGlobalSection
	GlobalSection(SolutionProperties) = preSolution
		HideSolutionNode = FALSE
	EndGlobalSection
	GlobalSection(ExtensibilityGlobals) = postSolution
		SolutionGuid = {29E14D6F-1228-4DF1-9823-C5306F5B36E5}
	EndGlobalSection
EndGlobal
